// !$*UTF8*$!
{
	archiveVersion = 1;
	classes = {
	};
	objectVersion = 50;
	objects = {

/* Begin PBXBuildFile section */
		CBC0EA3C21E25680007F22FA /* AppDelegate.m in Sources */ = {isa = PBXBuildFile; fileRef = CBC0EA3B21E25680007F22FA /* AppDelegate.m */; };
		CBC0EA3F21E25680007F22FA /* ViewController.m in Sources */ = {isa = PBXBuildFile; fileRef = CBC0EA3E21E25680007F22FA /* ViewController.m */; };
		CBC0EA4221E25680007F22FA /* Main.storyboard in Resources */ = {isa = PBXBuildFile; fileRef = CBC0EA4021E25680007F22FA /* Main.storyboard */; };
		CBC0EA4521E25680007F22FA /* DemoNeworking.xcdatamodeld in Sources */ = {isa = PBXBuildFile; fileRef = CBC0EA4321E25680007F22FA /* DemoNeworking.xcdatamodeld */; };
		CBC0EA4721E25682007F22FA /* Assets.xcassets in Resources */ = {isa = PBXBuildFile; fileRef = CBC0EA4621E25682007F22FA /* Assets.xcassets */; };
		CBC0EA4A21E25682007F22FA /* LaunchScreen.storyboard in Resources */ = {isa = PBXBuildFile; fileRef = CBC0EA4821E25682007F22FA /* LaunchScreen.storyboard */; };
		CBC0EA4D21E25682007F22FA /* main.m in Sources */ = {isa = PBXBuildFile; fileRef = CBC0EA4C21E25682007F22FA /* main.m */; };
		CBC0EA5721E25682007F22FA /* DemoNeworkingTests.m in Sources */ = {isa = PBXBuildFile; fileRef = CBC0EA5621E25682007F22FA /* DemoNeworkingTests.m */; };
		CBC0EA6221E25682007F22FA /* DemoNeworkingUITests.m in Sources */ = {isa = PBXBuildFile; fileRef = CBC0EA6121E25682007F22FA /* DemoNeworkingUITests.m */; };
		CBC0EA7E21E25963007F22FA /* AFURLResponseSerialization.m in Sources */ = {isa = PBXBuildFile; fileRef = CBC0EA7421E25963007F22FA /* AFURLResponseSerialization.m */; };
		CBC0EA7F21E25963007F22FA /* AFHTTPSessionManager.m in Sources */ = {isa = PBXBuildFile; fileRef = CBC0EA7521E25963007F22FA /* AFHTTPSessionManager.m */; };
		CBC0EA8021E25963007F22FA /* AFURLSessionManager.m in Sources */ = {isa = PBXBuildFile; fileRef = CBC0EA7721E25963007F22FA /* AFURLSessionManager.m */; };
		CBC0EA8121E25963007F22FA /* AFURLRequestSerialization.m in Sources */ = {isa = PBXBuildFile; fileRef = CBC0EA7821E25963007F22FA /* AFURLRequestSerialization.m */; };
		CBC0EA8221E25963007F22FA /* AFNetworkReachabilityManager.m in Sources */ = {isa = PBXBuildFile; fileRef = CBC0EA7A21E25963007F22FA /* AFNetworkReachabilityManager.m */; };
		CBC0EA8321E25963007F22FA /* AFSecurityPolicy.m in Sources */ = {isa = PBXBuildFile; fileRef = CBC0EA7B21E25963007F22FA /* AFSecurityPolicy.m */; };
		CBC0EA8721E26B30007F22FA /* NetworkManager.m in Sources */ = {isa = PBXBuildFile; fileRef = CBC0EA8621E26B30007F22FA /* NetworkManager.m */; };
/* End PBXBuildFile section */

/* Begin PBXContainerItemProxy section */
		CBC0EA5321E25682007F22FA /* PBXContainerItemProxy */ = {
			isa = PBXContainerItemProxy;
			containerPortal = CBC0EA2F21E25680007F22FA /* Project object */;
			proxyType = 1;
			remoteGlobalIDString = CBC0EA3621E25680007F22FA;
			remoteInfo = DemoNeworking;
		};
		CBC0EA5E21E25682007F22FA /* PBXContainerItemProxy */ = {
			isa = PBXContainerItemProxy;
			containerPortal = CBC0EA2F21E25680007F22FA /* Project object */;
			proxyType = 1;
			remoteGlobalIDString = CBC0EA3621E25680007F22FA;
			remoteInfo = DemoNeworking;
		};
/* End PBXContainerItemProxy section */

/* Begin PBXFileReference section */
		CBC0EA3721E25680007F22FA /* DemoNeworking.app */ = {isa = PBXFileReference; explicitFileType = wrapper.application; includeInIndex = 0; path = DemoNeworking.app; sourceTree = BUILT_PRODUCTS_DIR; };
		CBC0EA3A21E25680007F22FA /* AppDelegate.h */ = {isa = PBXFileReference; lastKnownFileType = sourcecode.c.h; path = AppDelegate.h; sourceTree = "<group>"; };
		CBC0EA3B21E25680007F22FA /* AppDelegate.m */ = {isa = PBXFileReference; lastKnownFileType = sourcecode.c.objc; path = AppDelegate.m; sourceTree = "<group>"; };
		CBC0EA3D21E25680007F22FA /* ViewController.h */ = {isa = PBXFileReference; lastKnownFileType = sourcecode.c.h; path = ViewController.h; sourceTree = "<group>"; };
		CBC0EA3E21E25680007F22FA /* ViewController.m */ = {isa = PBXFileReference; lastKnownFileType = sourcecode.c.objc; path = ViewController.m; sourceTree = "<group>"; };
		CBC0EA4121E25680007F22FA /* Base */ = {isa = PBXFileReference; lastKnownFileType = file.storyboard; name = Base; path = Base.lproj/Main.storyboard; sourceTree = "<group>"; };
		CBC0EA4421E25680007F22FA /* DemoNeworking.xcdatamodel */ = {isa = PBXFileReference; lastKnownFileType = wrapper.xcdatamodel; path = DemoNeworking.xcdatamodel; sourceTree = "<group>"; };
		CBC0EA4621E25682007F22FA /* Assets.xcassets */ = {isa = PBXFileReference; lastKnownFileType = folder.assetcatalog; path = Assets.xcassets; sourceTree = "<group>"; };
		CBC0EA4921E25682007F22FA /* Base */ = {isa = PBXFileReference; lastKnownFileType = file.storyboard; name = Base; path = Base.lproj/LaunchScreen.storyboard; sourceTree = "<group>"; };
		CBC0EA4B21E25682007F22FA /* Info.plist */ = {isa = PBXFileReference; lastKnownFileType = text.plist.xml; path = Info.plist; sourceTree = "<group>"; };
		CBC0EA4C21E25682007F22FA /* main.m */ = {isa = PBXFileReference; lastKnownFileType = sourcecode.c.objc; path = main.m; sourceTree = "<group>"; };
		CBC0EA5221E25682007F22FA /* DemoNeworkingTests.xctest */ = {isa = PBXFileReference; explicitFileType = wrapper.cfbundle; includeInIndex = 0; path = DemoNeworkingTests.xctest; sourceTree = BUILT_PRODUCTS_DIR; };
		CBC0EA5621E25682007F22FA /* DemoNeworkingTests.m */ = {isa = PBXFileReference; lastKnownFileType = sourcecode.c.objc; path = DemoNeworkingTests.m; sourceTree = "<group>"; };
		CBC0EA5821E25682007F22FA /* Info.plist */ = {isa = PBXFileReference; lastKnownFileType = text.plist.xml; path = Info.plist; sourceTree = "<group>"; };
		CBC0EA5D21E25682007F22FA /* DemoNeworkingUITests.xctest */ = {isa = PBXFileReference; explicitFileType = wrapper.cfbundle; includeInIndex = 0; path = DemoNeworkingUITests.xctest; sourceTree = BUILT_PRODUCTS_DIR; };
		CBC0EA6121E25682007F22FA /* DemoNeworkingUITests.m */ = {isa = PBXFileReference; lastKnownFileType = sourcecode.c.objc; path = DemoNeworkingUITests.m; sourceTree = "<group>"; };
		CBC0EA6321E25682007F22FA /* Info.plist */ = {isa = PBXFileReference; lastKnownFileType = text.plist.xml; path = Info.plist; sourceTree = "<group>"; };
		CBC0EA7021E25963007F22FA /* AFSecurityPolicy.h */ = {isa = PBXFileReference; fileEncoding = 4; lastKnownFileType = sourcecode.c.h; path = AFSecurityPolicy.h; sourceTree = "<group>"; };
		CBC0EA7121E25963007F22FA /* AFNetworkReachabilityManager.h */ = {isa = PBXFileReference; fileEncoding = 4; lastKnownFileType = sourcecode.c.h; path = AFNetworkReachabilityManager.h; sourceTree = "<group>"; };
		CBC0EA7221E25963007F22FA /* AFURLSessionManager.h */ = {isa = PBXFileReference; fileEncoding = 4; lastKnownFileType = sourcecode.c.h; path = AFURLSessionManager.h; sourceTree = "<group>"; };
		CBC0EA7321E25963007F22FA /* AFURLRequestSerialization.h */ = {isa = PBXFileReference; fileEncoding = 4; lastKnownFileType = sourcecode.c.h; path = AFURLRequestSerialization.h; sourceTree = "<group>"; };
		CBC0EA7421E25963007F22FA /* AFURLResponseSerialization.m */ = {isa = PBXFileReference; fileEncoding = 4; lastKnownFileType = sourcecode.c.objc; path = AFURLResponseSerialization.m; sourceTree = "<group>"; };
		CBC0EA7521E25963007F22FA /* AFHTTPSessionManager.m */ = {isa = PBXFileReference; fileEncoding = 4; lastKnownFileType = sourcecode.c.objc; path = AFHTTPSessionManager.m; sourceTree = "<group>"; };
		CBC0EA7621E25963007F22FA /* AFURLResponseSerialization.h */ = {isa = PBXFileReference; fileEncoding = 4; lastKnownFileType = sourcecode.c.h; path = AFURLResponseSerialization.h; sourceTree = "<group>"; };
		CBC0EA7721E25963007F22FA /* AFURLSessionManager.m */ = {isa = PBXFileReference; fileEncoding = 4; lastKnownFileType = sourcecode.c.objc; path = AFURLSessionManager.m; sourceTree = "<group>"; };
		CBC0EA7821E25963007F22FA /* AFURLRequestSerialization.m */ = {isa = PBXFileReference; fileEncoding = 4; lastKnownFileType = sourcecode.c.objc; path = AFURLRequestSerialization.m; sourceTree = "<group>"; };
		CBC0EA7921E25963007F22FA /* AFNetworking.h */ = {isa = PBXFileReference; fileEncoding = 4; lastKnownFileType = sourcecode.c.h; path = AFNetworking.h; sourceTree = "<group>"; };
		CBC0EA7A21E25963007F22FA /* AFNetworkReachabilityManager.m */ = {isa = PBXFileReference; fileEncoding = 4; lastKnownFileType = sourcecode.c.objc; path = AFNetworkReachabilityManager.m; sourceTree = "<group>"; };
		CBC0EA7B21E25963007F22FA /* AFSecurityPolicy.m */ = {isa = PBXFileReference; fileEncoding = 4; lastKnownFileType = sourcecode.c.objc; path = AFSecurityPolicy.m; sourceTree = "<group>"; };
		CBC0EA7C21E25963007F22FA /* AFCompatibilityMacros.h */ = {isa = PBXFileReference; fileEncoding = 4; lastKnownFileType = sourcecode.c.h; path = AFCompatibilityMacros.h; sourceTree = "<group>"; };
		CBC0EA7D21E25963007F22FA /* AFHTTPSessionManager.h */ = {isa = PBXFileReference; fileEncoding = 4; lastKnownFileType = sourcecode.c.h; path = AFHTTPSessionManager.h; sourceTree = "<group>"; };
		CBC0EA8521E26B30007F22FA /* NetworkManager.h */ = {isa = PBXFileReference; lastKnownFileType = sourcecode.c.h; path = NetworkManager.h; sourceTree = "<group>"; };
		CBC0EA8621E26B30007F22FA /* NetworkManager.m */ = {isa = PBXFileReference; lastKnownFileType = sourcecode.c.objc; path = NetworkManager.m; sourceTree = "<group>"; };
		CBC0EA8821E26D30007F22FA /* AppConstants.h */ = {isa = PBXFileReference; lastKnownFileType = sourcecode.c.h; path = AppConstants.h; sourceTree = "<group>"; };
/* End PBXFileReference section */

/* Begin PBXFrameworksBuildPhase section */
		CBC0EA3421E25680007F22FA /* Frameworks */ = {
			isa = PBXFrameworksBuildPhase;
			buildActionMask = 2147483647;
			files = (
			);
			runOnlyForDeploymentPostprocessing = 0;
		};
		CBC0EA4F21E25682007F22FA /* Frameworks */ = {
			isa = PBXFrameworksBuildPhase;
			buildActionMask = 2147483647;
			files = (
			);
			runOnlyForDeploymentPostprocessing = 0;
		};
		CBC0EA5A21E25682007F22FA /* Frameworks */ = {
			isa = PBXFrameworksBuildPhase;
			buildActionMask = 2147483647;
			files = (
			);
			runOnlyForDeploymentPostprocessing = 0;
		};
/* End PBXFrameworksBuildPhase section */

/* Begin PBXGroup section */
		CBC0EA2E21E25680007F22FA = {
			isa = PBXGroup;
			children = (
				CBC0EA3921E25680007F22FA /* DemoNeworking */,
				CBC0EA5521E25682007F22FA /* DemoNeworkingTests */,
				CBC0EA6021E25682007F22FA /* DemoNeworkingUITests */,
				CBC0EA3821E25680007F22FA /* Products */,
			);
			sourceTree = "<group>";
		};
		CBC0EA3821E25680007F22FA /* Products */ = {
			isa = PBXGroup;
			children = (
				CBC0EA3721E25680007F22FA /* DemoNeworking.app */,
				CBC0EA5221E25682007F22FA /* DemoNeworkingTests.xctest */,
				CBC0EA5D21E25682007F22FA /* DemoNeworkingUITests.xctest */,
			);
			name = Products;
			sourceTree = "<group>";
		};
		CBC0EA3921E25680007F22FA /* DemoNeworking */ = {
			isa = PBXGroup;
			children = (
				CBC0EA8421E26B0E007F22FA /* NetworkManager */,
				CBC0EA6F21E25963007F22FA /* AFNetworking */,
				CBC0EA3A21E25680007F22FA /* AppDelegate.h */,
				CBC0EA3B21E25680007F22FA /* AppDelegate.m */,
				CBC0EA3D21E25680007F22FA /* ViewController.h */,
				CBC0EA3E21E25680007F22FA /* ViewController.m */,
				CBC0EA4021E25680007F22FA /* Main.storyboard */,
				CBC0EA4621E25682007F22FA /* Assets.xcassets */,
				CBC0EA4821E25682007F22FA /* LaunchScreen.storyboard */,
				CBC0EA4B21E25682007F22FA /* Info.plist */,
				CBC0EA4C21E25682007F22FA /* main.m */,
				CBC0EA4321E25680007F22FA /* DemoNeworking.xcdatamodeld */,
				CBC0EA8821E26D30007F22FA /* AppConstants.h */,
			);
			path = DemoNeworking;
			sourceTree = "<group>";
		};
		CBC0EA5521E25682007F22FA /* DemoNeworkingTests */ = {
			isa = PBXGroup;
			children = (
				CBC0EA5621E25682007F22FA /* DemoNeworkingTests.m */,
				CBC0EA5821E25682007F22FA /* Info.plist */,
			);
			path = DemoNeworkingTests;
			sourceTree = "<group>";
		};
		CBC0EA6021E25682007F22FA /* DemoNeworkingUITests */ = {
			isa = PBXGroup;
			children = (
				CBC0EA6121E25682007F22FA /* DemoNeworkingUITests.m */,
				CBC0EA6321E25682007F22FA /* Info.plist */,
			);
			path = DemoNeworkingUITests;
			sourceTree = "<group>";
		};
		CBC0EA6F21E25963007F22FA /* AFNetworking */ = {
			isa = PBXGroup;
			children = (
				CBC0EA7021E25963007F22FA /* AFSecurityPolicy.h */,
				CBC0EA7121E25963007F22FA /* AFNetworkReachabilityManager.h */,
				CBC0EA7221E25963007F22FA /* AFURLSessionManager.h */,
				CBC0EA7321E25963007F22FA /* AFURLRequestSerialization.h */,
				CBC0EA7421E25963007F22FA /* AFURLResponseSerialization.m */,
				CBC0EA7521E25963007F22FA /* AFHTTPSessionManager.m */,
				CBC0EA7621E25963007F22FA /* AFURLResponseSerialization.h */,
				CBC0EA7721E25963007F22FA /* AFURLSessionManager.m */,
				CBC0EA7821E25963007F22FA /* AFURLRequestSerialization.m */,
				CBC0EA7921E25963007F22FA /* AFNetworking.h */,
				CBC0EA7A21E25963007F22FA /* AFNetworkReachabilityManager.m */,
				CBC0EA7B21E25963007F22FA /* AFSecurityPolicy.m */,
				CBC0EA7C21E25963007F22FA /* AFCompatibilityMacros.h */,
				CBC0EA7D21E25963007F22FA /* AFHTTPSessionManager.h */,
			);
			path = AFNetworking;
			sourceTree = "<group>";
		};
		CBC0EA8421E26B0E007F22FA /* NetworkManager */ = {
			isa = PBXGroup;
			children = (
				CBC0EA8521E26B30007F22FA /* NetworkManager.h */,
				CBC0EA8621E26B30007F22FA /* NetworkManager.m */,
			);
			path = NetworkManager;
			sourceTree = "<group>";
		};
/* End PBXGroup section */

/* Begin PBXNativeTarget section */
		CBC0EA3621E25680007F22FA /* DemoNeworking */ = {
			isa = PBXNativeTarget;
			buildConfigurationList = CBC0EA6621E25682007F22FA /* Build configuration list for PBXNativeTarget "DemoNeworking" */;
			buildPhases = (
				CBC0EA3321E25680007F22FA /* Sources */,
				CBC0EA3421E25680007F22FA /* Frameworks */,
				CBC0EA3521E25680007F22FA /* Resources */,
			);
			buildRules = (
			);
			dependencies = (
			);
			name = DemoNeworking;
			productName = DemoNeworking;
			productReference = CBC0EA3721E25680007F22FA /* DemoNeworking.app */;
			productType = "com.apple.product-type.application";
		};
		CBC0EA5121E25682007F22FA /* DemoNeworkingTests */ = {
			isa = PBXNativeTarget;
			buildConfigurationList = CBC0EA6921E25682007F22FA /* Build configuration list for PBXNativeTarget "DemoNeworkingTests" */;
			buildPhases = (
				CBC0EA4E21E25682007F22FA /* Sources */,
				CBC0EA4F21E25682007F22FA /* Frameworks */,
				CBC0EA5021E25682007F22FA /* Resources */,
			);
			buildRules = (
			);
			dependencies = (
				CBC0EA5421E25682007F22FA /* PBXTargetDependency */,
			);
			name = DemoNeworkingTests;
			productName = DemoNeworkingTests;
			productReference = CBC0EA5221E25682007F22FA /* DemoNeworkingTests.xctest */;
			productType = "com.apple.product-type.bundle.unit-test";
		};
		CBC0EA5C21E25682007F22FA /* DemoNeworkingUITests */ = {
			isa = PBXNativeTarget;
			buildConfigurationList = CBC0EA6C21E25682007F22FA /* Build configuration list for PBXNativeTarget "DemoNeworkingUITests" */;
			buildPhases = (
				CBC0EA5921E25682007F22FA /* Sources */,
				CBC0EA5A21E25682007F22FA /* Frameworks */,
				CBC0EA5B21E25682007F22FA /* Resources */,
			);
			buildRules = (
			);
			dependencies = (
				CBC0EA5F21E25682007F22FA /* PBXTargetDependency */,
			);
			name = DemoNeworkingUITests;
			productName = DemoNeworkingUITests;
			productReference = CBC0EA5D21E25682007F22FA /* DemoNeworkingUITests.xctest */;
			productType = "com.apple.product-type.bundle.ui-testing";
		};
/* End PBXNativeTarget section */

/* Begin PBXProject section */
		CBC0EA2F21E25680007F22FA /* Project object */ = {
			isa = PBXProject;
			attributes = {
				LastUpgradeCheck = 1010;
				ORGANIZATIONNAME = "Prerna Sharma";
				TargetAttributes = {
					CBC0EA3621E25680007F22FA = {
						CreatedOnToolsVersion = 10.1;
					};
					CBC0EA5121E25682007F22FA = {
						CreatedOnToolsVersion = 10.1;
						TestTargetID = CBC0EA3621E25680007F22FA;
					};
					CBC0EA5C21E25682007F22FA = {
						CreatedOnToolsVersion = 10.1;
						TestTargetID = CBC0EA3621E25680007F22FA;
					};
				};
			};
			buildConfigurationList = CBC0EA3221E25680007F22FA /* Build configuration list for PBXProject "DemoNeworking" */;
			compatibilityVersion = "Xcode 9.3";
			developmentRegion = en;
			hasScannedForEncodings = 0;
			knownRegions = (
				en,
				Base,
			);
			mainGroup = CBC0EA2E21E25680007F22FA;
			productRefGroup = CBC0EA3821E25680007F22FA /* Products */;
			projectDirPath = "";
			projectRoot = "";
			targets = (
				CBC0EA3621E25680007F22FA /* DemoNeworking */,
				CBC0EA5121E25682007F22FA /* DemoNeworkingTests */,
				CBC0EA5C21E25682007F22FA /* DemoNeworkingUITests */,
			);
		};
/* End PBXProject section */

/* Begin PBXResourcesBuildPhase section */
		CBC0EA3521E25680007F22FA /* Resources */ = {
			isa = PBXResourcesBuildPhase;
			buildActionMask = 2147483647;
			files = (
				CBC0EA4A21E25682007F22FA /* LaunchScreen.storyboard in Resources */,
				CBC0EA4721E25682007F22FA /* Assets.xcassets in Resources */,
				CBC0EA4221E25680007F22FA /* Main.storyboard in Resources */,
			);
			runOnlyForDeploymentPostprocessing = 0;
		};
		CBC0EA5021E25682007F22FA /* Resources */ = {
			isa = PBXResourcesBuildPhase;
			buildActionMask = 2147483647;
			files = (
			);
			runOnlyForDeploymentPostprocessing = 0;
		};
		CBC0EA5B21E25682007F22FA /* Resources */ = {
			isa = PBXResourcesBuildPhase;
			buildActionMask = 2147483647;
			files = (
			);
			runOnlyForDeploymentPostprocessing = 0;
		};
/* End PBXResourcesBuildPhase section */

/* Begin PBXSourcesBuildPhase section */
		CBC0EA3321E25680007F22FA /* Sources */ = {
			isa = PBXSourcesBuildPhase;
			buildActionMask = 2147483647;
			files = (
				CBC0EA3F21E25680007F22FA /* ViewController.m in Sources */,
				CBC0EA8221E25963007F22FA /* AFNetworkReachabilityManager.m in Sources */,
				CBC0EA4521E25680007F22FA /* DemoNeworking.xcdatamodeld in Sources */,
				CBC0EA8721E26B30007F22FA /* NetworkManager.m in Sources */,
				CBC0EA4D21E25682007F22FA /* main.m in Sources */,
				CBC0EA8021E25963007F22FA /* AFURLSessionManager.m in Sources */,
				CBC0EA7F21E25963007F22FA /* AFHTTPSessionManager.m in Sources */,
				CBC0EA8321E25963007F22FA /* AFSecurityPolicy.m in Sources */,
				CBC0EA3C21E25680007F22FA /* AppDelegate.m in Sources */,
				CBC0EA7E21E25963007F22FA /* AFURLResponseSerialization.m in Sources */,
				CBC0EA8121E25963007F22FA /* AFURLRequestSerialization.m in Sources */,
			);
			runOnlyForDeploymentPostprocessing = 0;
		};
		CBC0EA4E21E25682007F22FA /* Sources */ = {
			isa = PBXSourcesBuildPhase;
			buildActionMask = 2147483647;
			files = (
				CBC0EA5721E25682007F22FA /* DemoNeworkingTests.m in Sources */,
			);
			runOnlyForDeploymentPostprocessing = 0;
		};
		CBC0EA5921E25682007F22FA /* Sources */ = {
			isa = PBXSourcesBuildPhase;
			buildActionMask = 2147483647;
			files = (
				CBC0EA6221E25682007F22FA /* DemoNeworkingUITests.m in Sources */,
			);
			runOnlyForDeploymentPostprocessing = 0;
		};
/* End PBXSourcesBuildPhase section */

/* Begin PBXTargetDependency section */
		CBC0EA5421E25682007F22FA /* PBXTargetDependency */ = {
			isa = PBXTargetDependency;
			target = CBC0EA3621E25680007F22FA /* DemoNeworking */;
			targetProxy = CBC0EA5321E25682007F22FA /* PBXContainerItemProxy */;
		};
		CBC0EA5F21E25682007F22FA /* PBXTargetDependency */ = {
			isa = PBXTargetDependency;
			target = CBC0EA3621E25680007F22FA /* DemoNeworking */;
			targetProxy = CBC0EA5E21E25682007F22FA /* PBXContainerItemProxy */;
		};
/* End PBXTargetDependency section */

/* Begin PBXVariantGroup section */
		CBC0EA4021E25680007F22FA /* Main.storyboard */ = {
			isa = PBXVariantGroup;
			children = (
				CBC0EA4121E25680007F22FA /* Base */,
			);
			name = Main.storyboard;
			sourceTree = "<group>";
		};
		CBC0EA4821E25682007F22FA /* LaunchScreen.storyboard */ = {
			isa = PBXVariantGroup;
			children = (
				CBC0EA4921E25682007F22FA /* Base */,
			);
			name = LaunchScreen.storyboard;
			sourceTree = "<group>";
		};
/* End PBXVariantGroup section */

/* Begin XCBuildConfiguration section */
		CBC0EA6421E25682007F22FA /* Debug */ = {
			isa = XCBuildConfiguration;
			buildSettings = {
				ALWAYS_SEARCH_USER_PATHS = NO;
				CLANG_ANALYZER_NONNULL = YES;
				CLANG_ANALYZER_NUMBER_OBJECT_CONVERSION = YES_AGGRESSIVE;
				CLANG_CXX_LANGUAGE_STANDARD = "gnu++14";
				CLANG_CXX_LIBRARY = "libc++";
				CLANG_ENABLE_MODULES = YES;
				CLANG_ENABLE_OBJC_ARC = YES;
				CLANG_ENABLE_OBJC_WEAK = YES;
				CLANG_WARN_BLOCK_CAPTURE_AUTORELEASING = YES;
				CLANG_WARN_BOOL_CONVERSION = YES;
				CLANG_WARN_COMMA = YES;
				CLANG_WARN_CONSTANT_CONVERSION = YES;
				CLANG_WARN_DEPRECATED_OBJC_IMPLEMENTATIONS = YES;
				CLANG_WARN_DIRECT_OBJC_ISA_USAGE = YES_ERROR;
				CLANG_WARN_DOCUMENTATION_COMMENTS = YES;
				CLANG_WARN_EMPTY_BODY = YES;
				CLANG_WARN_ENUM_CONVERSION = YES;
				CLANG_WARN_INFINITE_RECURSION = YES;
				CLANG_WARN_INT_CONVERSION = YES;
				CLANG_WARN_NON_LITERAL_NULL_CONVERSION = YES;
				CLANG_WARN_OBJC_IMPLICIT_RETAIN_SELF = YES;
				CLANG_WARN_OBJC_LITERAL_CONVERSION = YES;
				CLANG_WARN_OBJC_ROOT_CLASS = YES_ERROR;
				CLANG_WARN_RANGE_LOOP_ANALYSIS = YES;
				CLANG_WARN_STRICT_PROTOTYPES = YES;
				CLANG_WARN_SUSPICIOUS_MOVE = YES;
				CLANG_WARN_UNGUARDED_AVAILABILITY = YES_AGGRESSIVE;
				CLANG_WARN_UNREACHABLE_CODE = YES;
				CLANG_WARN__DUPLICATE_METHOD_MATCH = YES;
				CODE_SIGN_IDENTITY = "iPhone Developer";
				COPY_PHASE_STRIP = NO;
				DEBUG_INFORMATION_FORMAT = dwarf;
				ENABLE_STRICT_OBJC_MSGSEND = YES;
				ENABLE_TESTABILITY = YES;
				GCC_C_LANGUAGE_STANDARD = gnu11;
				GCC_DYNAMIC_NO_PIC = NO;
				GCC_NO_COMMON_BLOCKS = YES;
				GCC_OPTIMIZATION_LEVEL = 0;
				GCC_PREPROCESSOR_DEFINITIONS = (
					"DEBUG=1",
					"$(inherited)",
				);
				GCC_WARN_64_TO_32_BIT_CONVERSION = YES;
				GCC_WARN_ABOUT_RETURN_TYPE = YES_ERROR;
				GCC_WARN_UNDECLARED_SELECTOR = YES;
				GCC_WARN_UNINITIALIZED_AUTOS = YES_AGGRESSIVE;
				GCC_WARN_UNUSED_FUNCTION = YES;
				GCC_WARN_UNUSED_VARIABLE = YES;
				IPHONEOS_DEPLOYMENT_TARGET = 12.1;
				MTL_ENABLE_DEBUG_INFO = INCLUDE_SOURCE;
				MTL_FAST_MATH = YES;
				ONLY_ACTIVE_ARCH = YES;
				SDKROOT = iphoneos;
			};
			name = Debug;
		};
		CBC0EA6521E25682007F22FA /* Release */ = {
			isa = XCBuildConfiguration;
			buildSettings = {
				ALWAYS_SEARCH_USER_PATHS = NO;
				CLANG_ANALYZER_NONNULL = YES;
				CLANG_ANALYZER_NUMBER_OBJECT_CONVERSION = YES_AGGRESSIVE;
				CLANG_CXX_LANGUAGE_STANDARD = "gnu++14";
				CLANG_CXX_LIBRARY = "libc++";
				CLANG_ENABLE_MODULES = YES;
				CLANG_ENABLE_OBJC_ARC = YES;
				CLANG_ENABLE_OBJC_WEAK = YES;
				CLANG_WARN_BLOCK_CAPTURE_AUTORELEASING = YES;
				CLANG_WARN_BOOL_CONVERSION = YES;
				CLANG_WARN_COMMA = YES;
				CLANG_WARN_CONSTANT_CONVERSION = YES;
				CLANG_WARN_DEPRECATED_OBJC_IMPLEMENTATIONS = YES;
				CLANG_WARN_DIRECT_OBJC_ISA_USAGE = YES_ERROR;
				CLANG_WARN_DOCUMENTATION_COMMENTS = YES;
				CLANG_WARN_EMPTY_BODY = YES;
				CLANG_WARN_ENUM_CONVERSION = YES;
				CLANG_WARN_INFINITE_RECURSION = YES;
				CLANG_WARN_INT_CONVERSION = YES;
				CLANG_WARN_NON_LITERAL_NULL_CONVERSION = YES;
				CLANG_WARN_OBJC_IMPLICIT_RETAIN_SELF = YES;
				CLANG_WARN_OBJC_LITERAL_CONVERSION = YES;
				CLANG_WARN_OBJC_ROOT_CLASS = YES_ERROR;
				CLANG_WARN_RANGE_LOOP_ANALYSIS = YES;
				CLANG_WARN_STRICT_PROTOTYPES = YES;
				CLANG_WARN_SUSPICIOUS_MOVE = YES;
				CLANG_WARN_UNGUARDED_AVAILABILITY = YES_AGGRESSIVE;
				CLANG_WARN_UNREACHABLE_CODE = YES;
				CLANG_WARN__DUPLICATE_METHOD_MATCH = YES;
				CODE_SIGN_IDENTITY = "iPhone Developer";
				COPY_PHASE_STRIP = NO;
				DEBUG_INFORMATION_FORMAT = "dwarf-with-dsym";
				ENABLE_NS_ASSERTIONS = NO;
				ENABLE_STRICT_OBJC_MSGSEND = YES;
				GCC_C_LANGUAGE_STANDARD = gnu11;
				GCC_NO_COMMON_BLOCKS = YES;
				GCC_WARN_64_TO_32_BIT_CONVERSION = YES;
				GCC_WARN_ABOUT_RETURN_TYPE = YES_ERROR;
				GCC_WARN_UNDECLARED_SELECTOR = YES;
				GCC_WARN_UNINITIALIZED_AUTOS = YES_AGGRESSIVE;
				GCC_WARN_UNUSED_FUNCTION = YES;
				GCC_WARN_UNUSED_VARIABLE = YES;
				IPHONEOS_DEPLOYMENT_TARGET = 12.1;
				MTL_ENABLE_DEBUG_INFO = NO;
				MTL_FAST_MATH = YES;
				SDKROOT = iphoneos;
				VALIDATE_PRODUCT = YES;
			};
			name = Release;
		};
		CBC0EA6721E25682007F22FA /* Debug */ = {
			isa = XCBuildConfiguration;
			buildSettings = {
				ASSETCATALOG_COMPILER_APPICON_NAME = AppIcon;
				CODE_SIGN_STYLE = Automatic;
				INFOPLIST_FILE = DemoNeworking/Info.plist;
				LD_RUNPATH_SEARCH_PATHS = (
					"$(inherited)",
					"@executable_path/Frameworks",
				);
				PRODUCT_BUNDLE_IDENTIFIER = "Prerna-sharma.DemoNeworking";
				PRODUCT_NAME = "$(TARGET_NAME)";
				TARGETED_DEVICE_FAMILY = "1,2";
			};
			name = Debug;
		};
		CBC0EA6821E25682007F22FA /* Release */ = {
			isa = XCBuildConfiguration;
			buildSettings = {
				ASSETCATALOG_COMPILER_APPICON_NAME = AppIcon;
				CODE_SIGN_STYLE = Automatic;
				INFOPLIST_FILE = DemoNeworking/Info.plist;
				LD_RUNPATH_SEARCH_PATHS = (
					"$(inherited)",
					"@executable_path/Frameworks",
				);
				PRODUCT_BUNDLE_IDENTIFIER = "Prerna-sharma.DemoNeworking";
				PRODUCT_NAME = "$(TARGET_NAME)";
				TARGETED_DEVICE_FAMILY = "1,2";
			};
			name = Release;
		};
		CBC0EA6A21E25682007F22FA /* Debug */ = {
			isa = XCBuildConfiguration;
			buildSettings = {
				BUNDLE_LOADER = "$(TEST_HOST)";
				CODE_SIGN_STYLE = Automatic;
				INFOPLIST_FILE = DemoNeworkingTests/Info.plist;
				LD_RUNPATH_SEARCH_PATHS = (
					"$(inherited)",
					"@executable_path/Frameworks",
					"@loader_path/Frameworks",
				);
				PRODUCT_BUNDLE_IDENTIFIER = "Prerna-sharma.DemoNeworkingTests";
				PRODUCT_NAME = "$(TARGET_NAME)";
				TARGETED_DEVICE_FAMILY = "1,2";
				TEST_HOST = "$(BUILT_PRODUCTS_DIR)/DemoNeworking.app/DemoNeworking";
			};
			name = Debug;
		};
		CBC0EA6B21E25682007F22FA /* Release */ = {
			isa = XCBuildConfiguration;
			buildSettings = {
				BUNDLE_LOADER = "$(TEST_HOST)";
				CODE_SIGN_STYLE = Automatic;
				INFOPLIST_FILE = DemoNeworkingTests/Info.plist;
				LD_RUNPATH_SEARCH_PATHS = (
					"$(inherited)",
					"@executable_path/Frameworks",
					"@loader_path/Frameworks",
				);
				PRODUCT_BUNDLE_IDENTIFIER = "Prerna-sharma.DemoNeworkingTests";
				PRODUCT_NAME = "$(TARGET_NAME)";
				TARGETED_DEVICE_FAMILY = "1,2";
				TEST_HOST = "$(BUILT_PRODUCTS_DIR)/DemoNeworking.app/DemoNeworking";
			};
			name = Release;
		};
		CBC0EA6D21E25682007F22FA /* Debug */ = {
			isa = XCBuildConfiguration;
			buildSettings = {
				CODE_SIGN_STYLE = Automatic;
				INFOPLIST_FILE = DemoNeworkingUITests/Info.plist;
				LD_RUNPATH_SEARCH_PATHS = (
					"$(inherited)",
					"@executable_path/Frameworks",
					"@loader_path/Frameworks",
				);
				PRODUCT_BUNDLE_IDENTIFIER = "Prerna-sharma.DemoNeworkingUITests";
				PRODUCT_NAME = "$(TARGET_NAME)";
				TARGETED_DEVICE_FAMILY = "1,2";
				TEST_TARGET_NAME = DemoNeworking;
			};
			name = Debug;
		};
		CBC0EA6E21E25682007F22FA /* Release */ = {
			isa = XCBuildConfiguration;
			buildSettings = {
				CODE_SIGN_STYLE = Automatic;
				INFOPLIST_FILE = DemoNeworkingUITests/Info.plist;
				LD_RUNPATH_SEARCH_PATHS = (
					"$(inherited)",
					"@executable_path/Frameworks",
					"@loader_path/Frameworks",
				);
				PRODUCT_BUNDLE_IDENTIFIER = "Prerna-sharma.DemoNeworkingUITests";
				PRODUCT_NAME = "$(TARGET_NAME)";
				TARGETED_DEVICE_FAMILY = "1,2";
				TEST_TARGET_NAME = DemoNeworking;
			};
			name = Release;
		};
/* End XCBuildConfiguration section */

/* Begin XCConfigurationList section */
		CBC0EA3221E25680007F22FA /* Build configuration list for PBXProject "DemoNeworking" */ = {
			isa = XCConfigurationList;
			buildConfigurations = (
				CBC0EA6421E25682007F22FA /* Debug */,
				CBC0EA6521E25682007F22FA /* Release */,
			);
			defaultConfigurationIsVisible = 0;
			defaultConfigurationName = Release;
		};
		CBC0EA6621E25682007F22FA /* Build configuration list for PBXNativeTarget "DemoNeworking" */ = {
			isa = XCConfigurationList;
			buildConfigurations = (
				CBC0EA6721E25682007F22FA /* Debug */,
				CBC0EA6821E25682007F22FA /* Release */,
			);
			defaultConfigurationIsVisible = 0;
			defaultConfigurationName = Release;
		};
		CBC0EA6921E25682007F22FA /* Build configuration list for PBXNativeTarget "DemoNeworkingTests" */ = {
			isa = XCConfigurationList;
			buildConfigurations = (
				CBC0EA6A21E25682007F22FA /* Debug */,
				CBC0EA6B21E25682007F22FA /* Release */,
			);
			defaultConfigurationIsVisible = 0;
			defaultConfigurationName = Release;
		};
		CBC0EA6C21E25682007F22FA /* Build configuration list for PBXNativeTarget "DemoNeworkingUITests" */ = {
			isa = XCConfigurationList;
			buildConfigurations = (
				CBC0EA6D21E25682007F22FA /* Debug */,
				CBC0EA6E21E25682007F22FA /* Release */,
			);
			defaultConfigurationIsVisible = 0;
			defaultConfigurationName = Release;
		};
/* End XCConfigurationList section */

/* Begin XCVersionGroup section */
		CBC0EA4321E25680007F22FA /* DemoNeworking.xcdatamodeld */ = {
			isa = XCVersionGroup;
			children = (
				CBC0EA4421E25680007F22FA /* DemoNeworking.xcdatamodel */,
			);
			currentVersion = CBC0EA4421E25680007F22FA /* DemoNeworking.xcdatamodel */;
			path = DemoNeworking.xcdatamodeld;
			sourceTree = "<group>";
			versionGroupType = wrapper.xcdatamodel;
		};
/* End XCVersionGroup section */
	};
	rootObject = CBC0EA2F21E25680007F22FA /* Project object */;
}
